
Microsoft Visual Studio Solution File, Format Version 12.00
# Visual Studio Version 17
VisualStudioVersion = 17.9.34728.123
MinimumVisualStudioVersion = 10.0.40219.1
Project("{9A19103F-16F7-4668-BE54-9A1E7A4F7556}") = "AvaloniaPostman", "AvaloniaPostman\AvaloniaPostman.csproj", "{F06EE22B-B8B4-4309-AA37-DC2B63A8230F}"
EndProject
Project("{9A19103F-16F7-4668-BE54-9A1E7A4F7556}") = "AvaloniaPostman.Desktop", "AvaloniaPostman.Desktop\AvaloniaPostman.Desktop.csproj", "{E7FDC377-3769-4650-AD50-C3D737B3AE9D}"
EndProject
Project("{9A19103F-16F7-4668-BE54-9A1E7A4F7556}") = "AvaloniaPostman.Browser", "AvaloniaPostman.Browser\AvaloniaPostman.Browser.csproj", "{231F86CC-6F0F-489B-8E2E-F3B4E54124A8}"
EndProject
Project("{9A19103F-16F7-4668-BE54-9A1E7A4F7556}") = "PostmanLibrary", "AvaloniaPostmanLibrary\PostmanLibrary.csproj", "{D330B31B-3605-42E1-85D1-C981D49EDA87}"
EndProject
Project("{2150E333-8FDC-42A3-9474-1A3956D46DE8}") = "Solution Items", "Solution Items", "{A5373A1B-8943-4691-8374-BB0CDE633D8B}"
	ProjectSection(SolutionItems) = preProject
		README.md = README.md
	EndProjectSection
EndProject
Global
	GlobalSection(SolutionConfigurationPlatforms) = preSolution
		Debug|Any CPU = Debug|Any CPU
		Release|Any CPU = Release|Any CPU
	EndGlobalSection
	GlobalSection(ProjectConfigurationPlatforms) = postSolution
		{F06EE22B-B8B4-4309-AA37-DC2B63A8230F}.Debug|Any CPU.ActiveCfg = Debug|Any CPU
		{F06EE22B-B8B4-4309-AA37-DC2B63A8230F}.Debug|Any CPU.Build.0 = Debug|Any CPU
		{F06EE22B-B8B4-4309-AA37-DC2B63A8230F}.Release|Any CPU.ActiveCfg = Release|Any CPU
		{F06EE22B-B8B4-4309-AA37-DC2B63A8230F}.Release|Any CPU.Build.0 = Release|Any CPU
		{E7FDC377-3769-4650-AD50-C3D737B3AE9D}.Debug|Any CPU.ActiveCfg = Debug|Any CPU
		{E7FDC377-3769-4650-AD50-C3D737B3AE9D}.Debug|Any CPU.Build.0 = Debug|Any CPU
		{E7FDC377-3769-4650-AD50-C3D737B3AE9D}.Release|Any CPU.ActiveCfg = Release|Any CPU
		{E7FDC377-3769-4650-AD50-C3D737B3AE9D}.Release|Any CPU.Build.0 = Release|Any CPU
		{231F86CC-6F0F-489B-8E2E-F3B4E54124A8}.Debug|Any CPU.ActiveCfg = Debug|Any CPU
		{231F86CC-6F0F-489B-8E2E-F3B4E54124A8}.Debug|Any CPU.Build.0 = Debug|Any CPU
		{231F86CC-6F0F-489B-8E2E-F3B4E54124A8}.Release|Any CPU.ActiveCfg = Release|Any CPU
		{231F86CC-6F0F-489B-8E2E-F3B4E54124A8}.Release|Any CPU.Build.0 = Release|Any CPU
		{D330B31B-3605-42E1-85D1-C981D49EDA87}.Debug|Any CPU.ActiveCfg = Debug|Any CPU
		{D330B31B-3605-42E1-85D1-C981D49EDA87}.Debug|Any CPU.Build.0 = Debug|Any CPU
		{D330B31B-3605-42E1-85D1-C981D49EDA87}.Release|Any CPU.ActiveCfg = Release|Any CPU
		{D330B31B-3605-42E1-85D1-C981D49EDA87}.Release|Any CPU.Build.0 = Release|Any CPU
	EndGlobalSection
	GlobalSection(SolutionProperties) = preSolution
		HideSolutionNode = FALSE
	EndGlobalSection
	GlobalSection(ExtensibilityGlobals) = postSolution
		SolutionGuid = {DA35B7C2-FB22-46C3-B4B7-656AB0699AF3}
	EndGlobalSection
EndGlobal
